
Microsoft Visual Studio Solution File, Format Version 12.00
# Visual Studio Version 17
VisualStudioVersion = 17.5.33516.290
MinimumVisualStudioVersion = 10.0.40219.1
Project("{FAE04EC0-301F-11D3-BF4B-00C04F79EFBC}") = "lab8", "lab8\lab8.csproj", "{BCC4A276-4C70-4575-8E2C-E900D1B694BF}"
EndProject
Global
	GlobalSection(SolutionConfigurationPlatforms) = preSolution
		Debug|Any CPU = Debug|Any CPU
		Release|Any CPU = Release|Any CPU
	EndGlobalSection
	GlobalSection(ProjectConfigurationPlatforms) = postSolution
		{BCC4A276-4C70-4575-8E2C-E900D1B694BF}.Debug|Any CPU.ActiveCfg = Debug|Any CPU
		{BCC4A276-4C70-4575-8E2C-E900D1B694BF}.Debug|Any CPU.Build.0 = Debug|Any CPU
		{BCC4A276-4C70-4575-8E2C-E900D1B694BF}.Release|Any CPU.ActiveCfg = Release|Any CPU
		{BCC4A276-4C70-4575-8E2C-E900D1B694BF}.Release|Any CPU.Build.0 = Release|Any CPU
	EndGlobalSection
	GlobalSection(SolutionProperties) = preSolution
		HideSolutionNode = FALSE
	EndGlobalSection
	GlobalSection(ExtensibilityGlobals) = postSolution
		SolutionGuid = {95EECEDD-675A-427F-A07F-9ACC92D31F4C}
	EndGlobalSection
EndGlobal
